
Microsoft Visual Studio Solution File, Format Version 12.00
# Visual Studio Version 17
VisualStudioVersion = 17.10.34607.79
MinimumVisualStudioVersion = 10.0.40219.1
Project("{9A19103F-16F7-4668-BE54-9A1E7A4F7556}") = "Product", "Product.csproj", "{8601DB6F-9EE9-4D81-A36F-84B75EEB4773}"
EndProject
Project("{FAE04EC0-301F-11D3-BF4B-00C04F79EFBC}") = "Product_Details", "..\Product_Details\Product_Details.csproj", "{503AA8D2-F187-4110-97B8-3C46643F8BAC}"
EndProject
Global
	GlobalSection(SolutionConfigurationPlatforms) = preSolution
		Debug|Any CPU = Debug|Any CPU
		Release|Any CPU = Release|Any CPU
	EndGlobalSection
	GlobalSection(ProjectConfigurationPlatforms) = postSolution
		{8601DB6F-9EE9-4D81-A36F-84B75EEB4773}.Debug|Any CPU.ActiveCfg = Debug|Any CPU
		{8601DB6F-9EE9-4D81-A36F-84B75EEB4773}.Debug|Any CPU.Build.0 = Debug|Any CPU
		{8601DB6F-9EE9-4D81-A36F-84B75EEB4773}.Release|Any CPU.ActiveCfg = Release|Any CPU
		{8601DB6F-9EE9-4D81-A36F-84B75EEB4773}.Release|Any CPU.Build.0 = Release|Any CPU
		{503AA8D2-F187-4110-97B8-3C46643F8BAC}.Debug|Any CPU.ActiveCfg = Debug|Any CPU
		{503AA8D2-F187-4110-97B8-3C46643F8BAC}.Debug|Any CPU.Build.0 = Debug|Any CPU
		{503AA8D2-F187-4110-97B8-3C46643F8BAC}.Release|Any CPU.ActiveCfg = Release|Any CPU
		{503AA8D2-F187-4110-97B8-3C46643F8BAC}.Release|Any CPU.Build.0 = Release|Any CPU
	EndGlobalSection
	GlobalSection(SolutionProperties) = preSolution
		HideSolutionNode = FALSE
	EndGlobalSection
	GlobalSection(ExtensibilityGlobals) = postSolution
		SolutionGuid = {888D19F9-0DF4-4BEE-87D9-BE7F133F3458}
	EndGlobalSection
EndGlobal
